
Microsoft Visual Studio Solution File, Format Version 12.00
# Visual Studio 15
VisualStudioVersion = 15.0.27428.2043
MinimumVisualStudioVersion = 10.0.40219.1
Project("{FAE04EC0-301F-11D3-BF4B-00C04F79EFBC}") = "HttpListenerServer", "HttpListenerServer\HttpListenerServer.csproj", "{4939989D-69CB-4240-8124-59E8014AABEA}"
EndProject
Global
	GlobalSection(SolutionConfigurationPlatforms) = preSolution
		Debug|Any CPU = Debug|Any CPU
		Release|Any CPU = Release|Any CPU
	EndGlobalSection
	GlobalSection(ProjectConfigurationPlatforms) = postSolution
		{4939989D-69CB-4240-8124-59E8014AABEA}.Debug|Any CPU.ActiveCfg = Debug|Any CPU
		{4939989D-69CB-4240-8124-59E8014AABEA}.Debug|Any CPU.Build.0 = Debug|Any CPU
		{4939989D-69CB-4240-8124-59E8014AABEA}.Release|Any CPU.ActiveCfg = Release|Any CPU
		{4939989D-69CB-4240-8124-59E8014AABEA}.Release|Any CPU.Build.0 = Release|Any CPU
	EndGlobalSection
	GlobalSection(SolutionProperties) = preSolution
		HideSolutionNode = FALSE
	EndGlobalSection
	GlobalSection(ExtensibilityGlobals) = postSolution
		SolutionGuid = {C851A4E9-FCB0-4483-9711-9BBB8EA4F791}
	EndGlobalSection
EndGlobal
